
Microsoft Visual Studio Solution File, Format Version 12.00
# Visual Studio Version 17
VisualStudioVersion = 17.4.33213.308
MinimumVisualStudioVersion = 10.0.40219.1
Project("{9A19103F-16F7-4668-BE54-9A1E7A4F7556}") = "AntonPaar.Web", "AntonPaar.Web.csproj", "{C0E5D64B-F579-49BE-8C57-C775E8D5F2E7}"
EndProject
Project("{9A19103F-16F7-4668-BE54-9A1E7A4F7556}") = "AntonPaar.Models", "..\AntonPaar.Models\AntonPaar.Models.csproj", "{84C53FAC-5699-4B7C-AB9D-D8314A54CCFE}"
EndProject
Project("{9A19103F-16F7-4668-BE54-9A1E7A4F7556}") = "AntonPaar.ProcessData", "..\AntonPaar.ProcessData\AntonPaar.ProcessData.csproj", "{37751E16-38F2-44C3-8B29-0B8CAC2B346F}"
EndProject
Global
	GlobalSection(SolutionConfigurationPlatforms) = preSolution
		Debug|Any CPU = Debug|Any CPU
		Release|Any CPU = Release|Any CPU
	EndGlobalSection
	GlobalSection(ProjectConfigurationPlatforms) = postSolution
		{C0E5D64B-F579-49BE-8C57-C775E8D5F2E7}.Debug|Any CPU.ActiveCfg = Debug|Any CPU
		{C0E5D64B-F579-49BE-8C57-C775E8D5F2E7}.Debug|Any CPU.Build.0 = Debug|Any CPU
		{C0E5D64B-F579-49BE-8C57-C775E8D5F2E7}.Release|Any CPU.ActiveCfg = Release|Any CPU
		{C0E5D64B-F579-49BE-8C57-C775E8D5F2E7}.Release|Any CPU.Build.0 = Release|Any CPU
		{84C53FAC-5699-4B7C-AB9D-D8314A54CCFE}.Debug|Any CPU.ActiveCfg = Debug|Any CPU
		{84C53FAC-5699-4B7C-AB9D-D8314A54CCFE}.Debug|Any CPU.Build.0 = Debug|Any CPU
		{84C53FAC-5699-4B7C-AB9D-D8314A54CCFE}.Release|Any CPU.ActiveCfg = Release|Any CPU
		{84C53FAC-5699-4B7C-AB9D-D8314A54CCFE}.Release|Any CPU.Build.0 = Release|Any CPU
		{37751E16-38F2-44C3-8B29-0B8CAC2B346F}.Debug|Any CPU.ActiveCfg = Debug|Any CPU
		{37751E16-38F2-44C3-8B29-0B8CAC2B346F}.Debug|Any CPU.Build.0 = Debug|Any CPU
		{37751E16-38F2-44C3-8B29-0B8CAC2B346F}.Release|Any CPU.ActiveCfg = Release|Any CPU
		{37751E16-38F2-44C3-8B29-0B8CAC2B346F}.Release|Any CPU.Build.0 = Release|Any CPU
	EndGlobalSection
	GlobalSection(SolutionProperties) = preSolution
		HideSolutionNode = FALSE
	EndGlobalSection
	GlobalSection(ExtensibilityGlobals) = postSolution
		SolutionGuid = {56C72FF3-5B92-4CDC-8F69-E111D14C8EE6}
	EndGlobalSection
EndGlobal
